
Microsoft Visual Studio Solution File, Format Version 12.00
# Visual Studio Version 17
VisualStudioVersion = 17.11.35222.181
MinimumVisualStudioVersion = 10.0.40219.1
Project("{9A19103F-16F7-4668-BE54-9A1E7A4F7556}") = "Cn-EFC-CF-Publications", "Cn-EFC-CF-Publications.csproj", "{07683FBE-A313-4C35-9A5D-7B83E8ECF36D}"
EndProject
Global
	GlobalSection(SolutionConfigurationPlatforms) = preSolution
		Debug|Any CPU = Debug|Any CPU
		Release|Any CPU = Release|Any CPU
	EndGlobalSection
	GlobalSection(ProjectConfigurationPlatforms) = postSolution
		{07683FBE-A313-4C35-9A5D-7B83E8ECF36D}.Debug|Any CPU.ActiveCfg = Debug|Any CPU
		{07683FBE-A313-4C35-9A5D-7B83E8ECF36D}.Debug|Any CPU.Build.0 = Debug|Any CPU
		{07683FBE-A313-4C35-9A5D-7B83E8ECF36D}.Release|Any CPU.ActiveCfg = Release|Any CPU
		{07683FBE-A313-4C35-9A5D-7B83E8ECF36D}.Release|Any CPU.Build.0 = Release|Any CPU
	EndGlobalSection
	GlobalSection(SolutionProperties) = preSolution
		HideSolutionNode = FALSE
	EndGlobalSection
	GlobalSection(ExtensibilityGlobals) = postSolution
		SolutionGuid = {CA3576C1-1852-415E-96F8-60BD53249978}
	EndGlobalSection
EndGlobal
